
Microsoft Visual Studio Solution File, Format Version 12.00
# Visual Studio Version 16
VisualStudioVersion = 16.0.30128.74
MinimumVisualStudioVersion = 10.0.40219.1
Project("{FAE04EC0-301F-11D3-BF4B-00C04F79EFBC}") = "PersonaForm", "PersonaForm\PersonaForm.csproj", "{DFA47D18-A92E-440E-A824-7533EFCFEB1D}"
EndProject
Project("{FAE04EC0-301F-11D3-BF4B-00C04F79EFBC}") = "WebApiVentas", "..\..\source\repos\WebApiVentas\WebApiVentas.csproj", "{0CFFAA45-6EBE-48E8-957D-E9C27B24361C}"
EndProject
Global
	GlobalSection(SolutionConfigurationPlatforms) = preSolution
		Debug|Any CPU = Debug|Any CPU
		Release|Any CPU = Release|Any CPU
	EndGlobalSection
	GlobalSection(ProjectConfigurationPlatforms) = postSolution
		{DFA47D18-A92E-440E-A824-7533EFCFEB1D}.Debug|Any CPU.ActiveCfg = Debug|Any CPU
		{DFA47D18-A92E-440E-A824-7533EFCFEB1D}.Debug|Any CPU.Build.0 = Debug|Any CPU
		{DFA47D18-A92E-440E-A824-7533EFCFEB1D}.Release|Any CPU.ActiveCfg = Release|Any CPU
		{DFA47D18-A92E-440E-A824-7533EFCFEB1D}.Release|Any CPU.Build.0 = Release|Any CPU
		{0CFFAA45-6EBE-48E8-957D-E9C27B24361C}.Debug|Any CPU.ActiveCfg = Debug|Any CPU
		{0CFFAA45-6EBE-48E8-957D-E9C27B24361C}.Debug|Any CPU.Build.0 = Debug|Any CPU
		{0CFFAA45-6EBE-48E8-957D-E9C27B24361C}.Release|Any CPU.ActiveCfg = Release|Any CPU
		{0CFFAA45-6EBE-48E8-957D-E9C27B24361C}.Release|Any CPU.Build.0 = Release|Any CPU
	EndGlobalSection
	GlobalSection(SolutionProperties) = preSolution
		HideSolutionNode = FALSE
	EndGlobalSection
	GlobalSection(ExtensibilityGlobals) = postSolution
		SolutionGuid = {54CADA86-CD7B-44DF-B477-B790542AAB5B}
	EndGlobalSection
EndGlobal
